{
  "name": "@ristostevcev/bs-callbag-basics",
  "version": "1.0.0",
  "lockfileVersion": 1,
  "requires": true,
  "dependencies": {
    "@ristostevcev/bs-callbag": {
      "version": "1.1.0",
      "resolved": "https://registry.npmjs.org/@ristostevcev/bs-callbag/-/bs-callbag-1.1.0.tgz",
      "integrity": "sha512-jsPZV2cWj9gSpZDGs8xA3GxAuhCJYvB/NHuzxMw5SAGoaXVWwMZD+XtkPlnpdU9nFGGUXSyMn160Ge0MfFKxQQ=="
    },
    "@ristostevcev/bs-callbag-combine": {
      "version": "1.0.0",
      "resolved": "https://registry.npmjs.org/@ristostevcev/bs-callbag-combine/-/bs-callbag-combine-1.0.0.tgz",
      "integrity": "sha512-bKIsN+OQGAljliH2cUnKtsLMPWfUEg/4o5w2uv6+UQ5IyfoHtj7g0aOv8idflzZxN8c/WDUw4bOYUrknMHk4wg==",
      "requires": {
        "@ristostevcev/bs-callbag": "^1.1.0",
        "callbag-combine": "^1.1.0"
      },
      "dependencies": {
        "@ristostevcev/bs-callbag": {
          "version": "1.1.0",
          "resolved": "https://registry.npmjs.org/@ristostevcev/bs-callbag/-/bs-callbag-1.1.0.tgz",
          "integrity": "sha512-jsPZV2cWj9gSpZDGs8xA3GxAuhCJYvB/NHuzxMw5SAGoaXVWwMZD+XtkPlnpdU9nFGGUXSyMn160Ge0MfFKxQQ=="
        }
      }
    },
    "@ristostevcev/bs-callbag-concat": {
      "version": "1.0.0",
      "resolved": "https://registry.npmjs.org/@ristostevcev/bs-callbag-concat/-/bs-callbag-concat-1.0.0.tgz",
      "integrity": "sha512-kOB1AQkMw9dP8uiy4JPNbdgTrsTUg6g9+fph4X+jnWoZZ2tvv23BeiZS8sJ673/gXJRjMw1mUfeGwkwqM61Tcw==",
      "requires": {
        "@ristostevcev/bs-callbag": "^1.1.0",
        "callbag-concat": "^1.1.0"
      },
      "dependencies": {
        "@ristostevcev/bs-callbag": {
          "version": "1.1.0",
          "resolved": "https://registry.npmjs.org/@ristostevcev/bs-callbag/-/bs-callbag-1.1.0.tgz",
          "integrity": "sha512-jsPZV2cWj9gSpZDGs8xA3GxAuhCJYvB/NHuzxMw5SAGoaXVWwMZD+XtkPlnpdU9nFGGUXSyMn160Ge0MfFKxQQ=="
        }
      }
    },
    "@ristostevcev/bs-callbag-filter": {
      "version": "1.0.0",
      "resolved": "https://registry.npmjs.org/@ristostevcev/bs-callbag-filter/-/bs-callbag-filter-1.0.0.tgz",
      "integrity": "sha512-1gIvpwfiGzC0RdOE09JAznQiIh2o2nX8rpHKfI58/sH7NlZN5gvwcVQcBKn66rkoyhydtYZphry7wn/jHiaJ4Q==",
      "requires": {
        "@ristostevcev/bs-callbag": "^1.1.0",
        "callbag-filter": "^1.0.1"
      },
      "dependencies": {
        "@ristostevcev/bs-callbag": {
          "version": "1.1.0",
          "resolved": "https://registry.npmjs.org/@ristostevcev/bs-callbag/-/bs-callbag-1.1.0.tgz",
          "integrity": "sha512-jsPZV2cWj9gSpZDGs8xA3GxAuhCJYvB/NHuzxMw5SAGoaXVWwMZD+XtkPlnpdU9nFGGUXSyMn160Ge0MfFKxQQ=="
        }
      }
    },
    "@ristostevcev/bs-callbag-flatten": {
      "version": "1.0.0",
      "resolved": "https://registry.npmjs.org/@ristostevcev/bs-callbag-flatten/-/bs-callbag-flatten-1.0.0.tgz",
      "integrity": "sha512-fDTVEfdPRutT+qmgf627XiSMxRGWQ7XeFyjT3qzTUn9+v/etLxRJEhNV3AvxT3Tu89dWNkB3Sn+szYZQjUsA0Q==",
      "requires": {
        "@ristostevcev/bs-callbag": "^1.1.0",
        "callbag-flatten": "^1.2.0"
      },
      "dependencies": {
        "@ristostevcev/bs-callbag": {
          "version": "1.1.0",
          "resolved": "https://registry.npmjs.org/@ristostevcev/bs-callbag/-/bs-callbag-1.1.0.tgz",
          "integrity": "sha512-jsPZV2cWj9gSpZDGs8xA3GxAuhCJYvB/NHuzxMw5SAGoaXVWwMZD+XtkPlnpdU9nFGGUXSyMn160Ge0MfFKxQQ=="
        }
      }
    },
    "@ristostevcev/bs-callbag-for-each": {
      "version": "1.0.0",
      "resolved": "https://registry.npmjs.org/@ristostevcev/bs-callbag-for-each/-/bs-callbag-for-each-1.0.0.tgz",
      "integrity": "sha512-2sWz5dZZHYQxePdOncd/eNlX3Dbvwi7GuxKp7bgLsc6A6cvRfilHyIykClNqXH7UfproeNE5C6EVThSW4o5ceQ==",
      "requires": {
        "callbag-for-each": "^1.1.0"
      }
    },
    "@ristostevcev/bs-callbag-from-event": {
      "version": "1.0.0",
      "resolved": "https://registry.npmjs.org/@ristostevcev/bs-callbag-from-event/-/bs-callbag-from-event-1.0.0.tgz",
      "integrity": "sha512-LNQGSX+XUfwLalY1XQUbwIuwon648LmcP2vaN3F/A8z60q5zbS9o5T/rkbbgey5xtGhhDDE+63IbNOjLoEJSgQ==",
      "requires": {
        "@ristostevcev/bs-callbag": "^1.1.0",
        "bs-webapi": "^0.12.2",
        "callbag-from-event": "^1.1.0"
      },
      "dependencies": {
        "@ristostevcev/bs-callbag": {
          "version": "1.1.0",
          "resolved": "https://registry.npmjs.org/@ristostevcev/bs-callbag/-/bs-callbag-1.1.0.tgz",
          "integrity": "sha512-jsPZV2cWj9gSpZDGs8xA3GxAuhCJYvB/NHuzxMw5SAGoaXVWwMZD+XtkPlnpdU9nFGGUXSyMn160Ge0MfFKxQQ=="
        }
      }
    },
    "@ristostevcev/bs-callbag-from-iter": {
      "version": "1.1.0",
      "resolved": "https://registry.npmjs.org/@ristostevcev/bs-callbag-from-iter/-/bs-callbag-from-iter-1.1.0.tgz",
      "integrity": "sha512-n/7CexnVBJn5sG+M0oDW4kIhf0EFIttGQViGYdkPnFfwc1RUCsTc6ugUL0SrFNXl85vXLd9rjOcRjRs8v5gRYw==",
      "requires": {
        "@ristostevcev/bs-callbag": "^1.1.0",
        "callbag-from-iter": "^1.2.0"
      },
      "dependencies": {
        "@ristostevcev/bs-callbag": {
          "version": "1.1.0",
          "resolved": "https://registry.npmjs.org/@ristostevcev/bs-callbag/-/bs-callbag-1.1.0.tgz",
          "integrity": "sha512-jsPZV2cWj9gSpZDGs8xA3GxAuhCJYvB/NHuzxMw5SAGoaXVWwMZD+XtkPlnpdU9nFGGUXSyMn160Ge0MfFKxQQ=="
        }
      }
    },
    "@ristostevcev/bs-callbag-from-obs": {
      "version": "1.1.0",
      "resolved": "https://registry.npmjs.org/@ristostevcev/bs-callbag-from-obs/-/bs-callbag-from-obs-1.1.0.tgz",
      "integrity": "sha512-7xYRPw8/UVSjLTb0gIIt4QUTwuV4xktHQZ5VFX2jS7gaw4m0ML0VuIGwSOAjSU3T1+FxtgDjgXl7egk67dY2zw==",
      "requires": {
        "@ristostevcev/bs-callbag": "^1.1.0",
        "callbag-from-obs": "^1.2.0"
      },
      "dependencies": {
        "@ristostevcev/bs-callbag": {
          "version": "1.1.0",
          "resolved": "https://registry.npmjs.org/@ristostevcev/bs-callbag/-/bs-callbag-1.1.0.tgz",
          "integrity": "sha512-jsPZV2cWj9gSpZDGs8xA3GxAuhCJYvB/NHuzxMw5SAGoaXVWwMZD+XtkPlnpdU9nFGGUXSyMn160Ge0MfFKxQQ=="
        }
      }
    },
    "@ristostevcev/bs-callbag-from-promise": {
      "version": "1.0.0",
      "resolved": "https://registry.npmjs.org/@ristostevcev/bs-callbag-from-promise/-/bs-callbag-from-promise-1.0.0.tgz",
      "integrity": "sha512-yAOkSD8jjlcIjOo7Jw6fqCK7SnDXoE5JWDic5QJLjVAvzMdqCNwGObkotiZ9ErbRLYHMUP5NQJT4zSaWLTGD7g==",
      "requires": {
        "@ristostevcev/bs-callbag": "^1.1.0",
        "callbag-from-promise": "^1.0.0"
      },
      "dependencies": {
        "@ristostevcev/bs-callbag": {
          "version": "1.1.0",
          "resolved": "https://registry.npmjs.org/@ristostevcev/bs-callbag/-/bs-callbag-1.1.0.tgz",
          "integrity": "sha512-jsPZV2cWj9gSpZDGs8xA3GxAuhCJYvB/NHuzxMw5SAGoaXVWwMZD+XtkPlnpdU9nFGGUXSyMn160Ge0MfFKxQQ=="
        }
      }
    },
    "@ristostevcev/bs-callbag-interval": {
      "version": "1.0.0",
      "resolved": "https://registry.npmjs.org/@ristostevcev/bs-callbag-interval/-/bs-callbag-interval-1.0.0.tgz",
      "integrity": "sha512-4xhRhLdIqT9ObiMXiOAOocHpEVFtWJgch12jPgIBZ5MyG9Sri2b5P7bm3PFNG9iL+HtvNrgmizEjKdwpsKMQaA==",
      "requires": {
        "@ristostevcev/bs-callbag": "^1.1.0",
        "callbag-interval": "^1.1.0"
      },
      "dependencies": {
        "@ristostevcev/bs-callbag": {
          "version": "1.1.0",
          "resolved": "https://registry.npmjs.org/@ristostevcev/bs-callbag/-/bs-callbag-1.1.0.tgz",
          "integrity": "sha512-jsPZV2cWj9gSpZDGs8xA3GxAuhCJYvB/NHuzxMw5SAGoaXVWwMZD+XtkPlnpdU9nFGGUXSyMn160Ge0MfFKxQQ=="
        }
      }
    },
    "@ristostevcev/bs-callbag-map": {
      "version": "1.0.0",
      "resolved": "https://registry.npmjs.org/@ristostevcev/bs-callbag-map/-/bs-callbag-map-1.0.0.tgz",
      "integrity": "sha512-SLlXFXIJTGu9KCHSoT63yoNyW4X/yeFNzM746UqQiqGUNikJJ01DijiJ9Ih3IbKAnRj74CgzIKMITTk7Xhiesg==",
      "requires": {
        "@ristostevcev/bs-callbag": "^1.1.0",
        "callbag-map": "^1.0.1"
      },
      "dependencies": {
        "@ristostevcev/bs-callbag": {
          "version": "1.1.0",
          "resolved": "https://registry.npmjs.org/@ristostevcev/bs-callbag/-/bs-callbag-1.1.0.tgz",
          "integrity": "sha512-jsPZV2cWj9gSpZDGs8xA3GxAuhCJYvB/NHuzxMw5SAGoaXVWwMZD+XtkPlnpdU9nFGGUXSyMn160Ge0MfFKxQQ=="
        }
      }
    },
    "@ristostevcev/bs-callbag-merge": {
      "version": "1.0.0",
      "resolved": "https://registry.npmjs.org/@ristostevcev/bs-callbag-merge/-/bs-callbag-merge-1.0.0.tgz",
      "integrity": "sha512-p/wCe0GIK2yHYTpx8G0p0dRH6gN+YyTpco4AP+/zvtNpDYgCDhUHh8fzgPVdBiArfci3sh0BNQyP75QlyGb90A==",
      "requires": {
        "@ristostevcev/bs-callbag": "^1.1.0",
        "callbag-merge": "^3.1.0"
      },
      "dependencies": {
        "@ristostevcev/bs-callbag": {
          "version": "1.1.0",
          "resolved": "https://registry.npmjs.org/@ristostevcev/bs-callbag/-/bs-callbag-1.1.0.tgz",
          "integrity": "sha512-jsPZV2cWj9gSpZDGs8xA3GxAuhCJYvB/NHuzxMw5SAGoaXVWwMZD+XtkPlnpdU9nFGGUXSyMn160Ge0MfFKxQQ=="
        }
      }
    },
    "@ristostevcev/bs-callbag-scan": {
      "version": "1.0.0",
      "resolved": "https://registry.npmjs.org/@ristostevcev/bs-callbag-scan/-/bs-callbag-scan-1.0.0.tgz",
      "integrity": "sha512-q7OxSOuG7eg6Yq8JUSjlxRnbqVrtDj0V1Yw+SPLobNjC3PWRlna38qnU13mHkbQ1Tlx63CK9MyNoovMxjMXc3g==",
      "requires": {
        "@ristostevcev/bs-callbag": "^1.1.0",
        "callbag-scan": "^1.0.1"
      },
      "dependencies": {
        "@ristostevcev/bs-callbag": {
          "version": "1.1.0",
          "resolved": "https://registry.npmjs.org/@ristostevcev/bs-callbag/-/bs-callbag-1.1.0.tgz",
          "integrity": "sha512-jsPZV2cWj9gSpZDGs8xA3GxAuhCJYvB/NHuzxMw5SAGoaXVWwMZD+XtkPlnpdU9nFGGUXSyMn160Ge0MfFKxQQ=="
        }
      }
    },
    "@ristostevcev/bs-callbag-share": {
      "version": "1.0.0",
      "resolved": "https://registry.npmjs.org/@ristostevcev/bs-callbag-share/-/bs-callbag-share-1.0.0.tgz",
      "integrity": "sha512-53VR/kJSwSmMmpzOewFCLrtP2w2sjydtA0BRXO0pNwzaGDfWoaIbZedeK49YwQbKjlBKII+0pqUi80F1GT53Dg==",
      "requires": {
        "@ristostevcev/bs-callbag": "^1.1.0",
        "callbag-share": "^1.1.1"
      },
      "dependencies": {
        "@ristostevcev/bs-callbag": {
          "version": "1.1.0",
          "resolved": "https://registry.npmjs.org/@ristostevcev/bs-callbag/-/bs-callbag-1.1.0.tgz",
          "integrity": "sha512-jsPZV2cWj9gSpZDGs8xA3GxAuhCJYvB/NHuzxMw5SAGoaXVWwMZD+XtkPlnpdU9nFGGUXSyMn160Ge0MfFKxQQ=="
        }
      }
    },
    "@ristostevcev/bs-callbag-skip": {
      "version": "1.0.0",
      "resolved": "https://registry.npmjs.org/@ristostevcev/bs-callbag-skip/-/bs-callbag-skip-1.0.0.tgz",
      "integrity": "sha512-bLpJmnHM5pwx9I0sZMr7O9Kr+94tHS4tKeA5x0gD3XQEjSBLgXS+m68b0BkXFP7//AI0gxHtmvByq0vQ15ZJOg==",
      "requires": {
        "@ristostevcev/bs-callbag": "^1.1.0",
        "callbag-skip": "^1.0.0"
      },
      "dependencies": {
        "@ristostevcev/bs-callbag": {
          "version": "1.1.0",
          "resolved": "https://registry.npmjs.org/@ristostevcev/bs-callbag/-/bs-callbag-1.1.0.tgz",
          "integrity": "sha512-jsPZV2cWj9gSpZDGs8xA3GxAuhCJYvB/NHuzxMw5SAGoaXVWwMZD+XtkPlnpdU9nFGGUXSyMn160Ge0MfFKxQQ=="
        }
      }
    },
    "@ristostevcev/bs-callbag-take": {
      "version": "1.0.0",
      "resolved": "https://registry.npmjs.org/@ristostevcev/bs-callbag-take/-/bs-callbag-take-1.0.0.tgz",
      "integrity": "sha512-eYSdxLJ81IydfWb3Pm/72VQBSQZGwnbYhv9LzJt52NTjpyHjHodQQasyCJ4A31TEtqoITLQjhTOOrP06SHCDFw==",
      "requires": {
        "@ristostevcev/bs-callbag": "^1.1.0",
        "callbag-take": "^1.0.0"
      },
      "dependencies": {
        "@ristostevcev/bs-callbag": {
          "version": "1.1.0",
          "resolved": "https://registry.npmjs.org/@ristostevcev/bs-callbag/-/bs-callbag-1.1.0.tgz",
          "integrity": "sha512-jsPZV2cWj9gSpZDGs8xA3GxAuhCJYvB/NHuzxMw5SAGoaXVWwMZD+XtkPlnpdU9nFGGUXSyMn160Ge0MfFKxQQ=="
        }
      }
    },
    "bs-platform": {
      "version": "4.0.3",
      "resolved": "https://registry.npmjs.org/bs-platform/-/bs-platform-4.0.3.tgz",
      "integrity": "sha1-RRDByRXMWxabVxflwK2lLT+Z/5g=",
      "dev": true
    },
    "bs-webapi": {
      "version": "0.12.2",
      "resolved": "https://registry.npmjs.org/bs-webapi/-/bs-webapi-0.12.2.tgz",
      "integrity": "sha512-DpdxZey/0GdbYK2d5dXP9SF9g7gdVwspnqQNonjxQ+HwlJOVcA4pkCyWE8Trxg7O2J2KekKAZLAgn3kjGB71pQ=="
    },
    "callbag": {
      "version": "1.1.0",
      "resolved": "https://registry.npmjs.org/callbag/-/callbag-1.1.0.tgz",
      "integrity": "sha512-JVZp2vA53+THwOOan8eedGhS7xwzwR1u8HFK02WDMI9pITGoQ42j2sYP742qs7yddtEjIDGgNe1Y6DN90w3oIQ=="
    },
    "callbag-combine": {
      "version": "1.1.0",
      "resolved": "https://registry.npmjs.org/callbag-combine/-/callbag-combine-1.1.0.tgz",
      "integrity": "sha512-GCKmuRo2E0YSR3lDyDd1oKw3JykT96jyHL4qRl+DqermNELz6E+Br7m4WeS4m3fVPRyucXiF9L3swcAOTQRPXg=="
    },
    "callbag-concat": {
      "version": "1.1.0",
      "resolved": "https://registry.npmjs.org/callbag-concat/-/callbag-concat-1.1.0.tgz",
      "integrity": "sha512-fHM9JNctxRHsHYx73MJV/tfgi6JIP9isDuL4qg4lFYDP6thTx4sj3fCAQS6oQ2SdkxnSd3ojeVZfBhGhzbzLOg=="
    },
    "callbag-filter": {
      "version": "1.0.1",
      "resolved": "https://registry.npmjs.org/callbag-filter/-/callbag-filter-1.0.1.tgz",
      "integrity": "sha512-cfFvNCAQr9f1jhZuOw9eS1Ij8h/2/qouiF4Pip7pCVseOvqztgpl/VlLzomsp8tLBIcw3RVvPcTfEiOZzifKDg=="
    },
    "callbag-flatten": {
      "version": "1.2.0",
      "resolved": "https://registry.npmjs.org/callbag-flatten/-/callbag-flatten-1.2.0.tgz",
      "integrity": "sha512-R3W/2HgYxHd5JbKpFbJggg8kAJKjkh2DynLRIFVQ8XD23pku+eYe/XjTV6ezysGvVoyDi96sQlRiI82yJqYGSA=="
    },
    "callbag-for-each": {
      "version": "1.1.0",
      "resolved": "https://registry.npmjs.org/callbag-for-each/-/callbag-for-each-1.1.0.tgz",
      "integrity": "sha512-/FKC/dd3hnw/M1G5mlZrz/+UbtHYPz5PsmmBvpthNb67v6XuQlT93BzxQDxRHAalAjsOci8ZqoYFgmmJxwGhvg==",
      "requires": {
        "callbag": "^1.1.0"
      }
    },
    "callbag-from-event": {
      "version": "1.1.0",
      "resolved": "https://registry.npmjs.org/callbag-from-event/-/callbag-from-event-1.1.0.tgz",
      "integrity": "sha512-QgYko7l/PVP8YpsVAAh6Uix0map/pI/fZT0gd27gkmBmODSy29mGLxPkWxl6F7TaOrezXRhpi0cU+VpzT2tuhQ==",
      "requires": {
        "callbag": "^1.1.0"
      }
    },
    "callbag-from-iter": {
      "version": "1.2.0",
      "resolved": "https://registry.npmjs.org/callbag-from-iter/-/callbag-from-iter-1.2.0.tgz",
      "integrity": "sha512-9rWvHOnRGp01YMRHHwgVZOO1vu4IRR8GcoH3FpSB16AMzum5juFWJPCMX/XnkJ9j6cic/G+kvb1Grvi6IuSmIQ=="
    },
    "callbag-from-obs": {
      "version": "1.2.0",
      "resolved": "https://registry.npmjs.org/callbag-from-obs/-/callbag-from-obs-1.2.0.tgz",
      "integrity": "sha512-InhdPC6P4Gdpg7nuXSkocDFlb+//sbwCrVCYhxOHhSVm1gDcw/zSA+IF1gHdYtk4RQKKaCymUFCkVVUVSRThVQ==",
      "requires": {
        "symbol-observable": "^1.2.0"
      }
    },
    "callbag-from-promise": {
      "version": "1.0.0",
      "resolved": "https://registry.npmjs.org/callbag-from-promise/-/callbag-from-promise-1.0.0.tgz",
      "integrity": "sha512-1S0ig7VY+TV94180eBBLuQSjaT8X1XPflGZAppC5YTLfx1ZP4A6dfmkm9K7CtpEzeDWaLr//gNdQw2H1qT3jPQ=="
    },
    "callbag-interval": {
      "version": "1.1.0",
      "resolved": "https://registry.npmjs.org/callbag-interval/-/callbag-interval-1.1.0.tgz",
      "integrity": "sha512-xkYj7t/l9+GaP0kvPi6LadF3ZNSiQAhbEzwnnTrDB/UtkBCrzKPZ9Kiti8P8oHYxL2jGEuRWi86PD3uM7qXLbg==",
      "requires": {
        "callbag": "^1.1.0"
      }
    },
    "callbag-map": {
      "version": "1.0.1",
      "resolved": "https://registry.npmjs.org/callbag-map/-/callbag-map-1.0.1.tgz",
      "integrity": "sha512-JotprLfl5D/DqArAUlygHOBVkTi2VKfueU71EtbEs2N5dUKlcjkZzSf6BkAWN/EHmgwaaCbVQIhsgvRKYYl1iw=="
    },
    "callbag-merge": {
      "version": "3.1.0",
      "resolved": "https://registry.npmjs.org/callbag-merge/-/callbag-merge-3.1.0.tgz",
      "integrity": "sha512-jhgsa8zNCZZRy9seJs+ZLZDZ3l1xTrEFg6IXOoD57+vaq9bAqPG657ubVbhIaonc/Z882oZLelAs9m6r+F/z8w=="
    },
    "callbag-scan": {
      "version": "1.0.1",
      "resolved": "https://registry.npmjs.org/callbag-scan/-/callbag-scan-1.0.1.tgz",
      "integrity": "sha512-pnxvxShHTpdn4BIl15QUu/wQPOxFasyUU1NpbVS4aPREe0pUrBKUvMvgCVEMy1takUAuV7MWXcBI5U59UyW39A=="
    },
    "callbag-share": {
      "version": "1.1.1",
      "resolved": "https://registry.npmjs.org/callbag-share/-/callbag-share-1.1.1.tgz",
      "integrity": "sha512-N1IftKRzKOLLQWFYUTKn4NOP5i1r7Snpyfp4iPC9WewaWB9LORYj8k0cBmQRtsnob9JI1UgEAMUs26P5f+a4qg=="
    },
    "callbag-skip": {
      "version": "1.0.0",
      "resolved": "https://registry.npmjs.org/callbag-skip/-/callbag-skip-1.0.0.tgz",
      "integrity": "sha512-XCvIT+mDa4K4HIbEoF6mhoM1YrXq7aLVDD0JvA/Px8MN//Nuxkp4bP3ivuD2u9vyYdubXHmAD4RwHJUm8azcjQ=="
    },
    "callbag-take": {
      "version": "1.0.0",
      "resolved": "https://registry.npmjs.org/callbag-take/-/callbag-take-1.0.0.tgz",
      "integrity": "sha512-qQ220/N6gOJRS4JS/mEVzbsADCaet5QAYZimrvGjjzT87eclQugJOzsae6efaGMf2KejKlPu8LxWZzs+zZ/hBw=="
    },
    "symbol-observable": {
      "version": "1.2.0",
      "resolved": "https://registry.npmjs.org/symbol-observable/-/symbol-observable-1.2.0.tgz",
      "integrity": "sha512-e900nM8RRtGhlV36KGEU9k65K3mPb1WV70OdjfxlG2EAuM1noi/E/BaW/uMhL7bPEssK8QV57vN3esixjUvcXQ=="
    }
  }
}
